# THIS IS AN AUTOGENERATED FILE. DO NOT EDIT THIS FILE DIRECTLY.
# yarn lockfile v1


fp-ts-rxjs@^0.6.11:
  version "0.6.11"
  resolved "https://registry.yarnpkg.com/fp-ts-rxjs/-/fp-ts-rxjs-0.6.11.tgz#675b2642f1469b6999d0015f0189e3a30e0779ea"
  integrity sha512-j/ZAIhxH+muBBrkn3pezeTAcojD7Ao4uoC/5cAeGYVqq/RcvXP7Ac0E8rfBFzVmzx/LgBH0KyWJwIFQbTc/KJQ==

fp-ts@^2.9.0:
  version "2.9.0"
  resolved "https://registry.yarnpkg.com/fp-ts/-/fp-ts-2.9.0.tgz#0b8974ef9d2b1c0a14fb05f99c2f5129c5c5eb34"
  integrity sha512-zYPaS+3BWy+hRhkCMJXLTHxdy7oshyKOfHge/S/n+LcLL5VIhctR9Xucxi3GwJbjwDZaz9IIbU1o+YjK0LsgYg==

monocle-ts@^2.3.3:
  version "2.3.3"
  resolved "https://registry.yarnpkg.com/monocle-ts/-/monocle-ts-2.3.3.tgz#1e6d83dcf42bcb96b74fdda07813c2a47ec6cfa4"
  integrity sha512-pcQyauWO2vapxyZgbhTd73Dv8TmTELx1rL81bvrtPO2sUYTi1MIHmw3j/iMyeNaJwTmnGNAjqJpYV8Gq1Eu68g==

newtype-ts@^0.3.4:
  version "0.3.4"
  resolved "https://registry.yarnpkg.com/newtype-ts/-/newtype-ts-0.3.4.tgz#65c74b7d5195edaa9abfcdba6549a33a5c0e298d"
  integrity sha512-lFJnWAt0oXX1j1ErNy9RU5+FPNtVyzugHW2MchaaMiOeeS9LEmqAAOqyHPFQ0Uw895jStSYGSCslrByzYxFJYQ==

rxjs@^6.6.3:
  version "6.6.3"
  resolved "https://registry.yarnpkg.com/rxjs/-/rxjs-6.6.3.tgz#8ca84635c4daa900c0d3967a6ee7ac60271ee552"
  integrity sha512-trsQc+xYYXZ3urjOiJOuCOa5N3jAZ3eiSpQB5hIT8zGlL2QfnHLJ2r7GMkBGuIausdJN1OneaI6gQlsqNHHmZQ==
  dependencies:
    tslib "^1.9.0"

tslib@^1.9.0:
  version "1.14.1"
  resolved "https://registry.yarnpkg.com/tslib/-/tslib-1.14.1.tgz#cf2d38bdc34a134bcaf1091c41f6619e2f672d00"
  integrity sha512-Xni35NKzjgMrwevysHTCArtLDpPvye8zV/0E4EyYn43P7/7qvQwPh9BGkHewbMulVntbigmcT7rdX3BNo9wRJg==

typescript@^4.1.2:
  version "4.1.2"
  resolved "https://registry.yarnpkg.com/typescript/-/typescript-4.1.2.tgz#6369ef22516fe5e10304aae5a5c4862db55380e9"
  integrity sha512-thGloWsGH3SOxv1SoY7QojKi0tc+8FnOmiarEGMbd/lar7QOEd3hvlx3Fp5y6FlDUGl9L+pd4n2e+oToGMmhRQ==
